{
  "version": 4,
  "terraform_version": "1.10.5",
  "serial": 19,
  "lineage": "08a011bf-f4b5-e31e-c074-e889a8ac11a5",
  "outputs": {},
  "resources": [
    {
      "mode": "managed",
      "type": "aws_eip",
      "name": "my_eip",
      "provider": "provider[\"registry.terraform.io/hashicorp/aws\"]",
      "instances": [
        {
          "schema_version": 0,
          "attributes": {
            "address": null,
            "allocation_id": "eipalloc-04c3794f4df590633",
            "arn": "arn:aws:ec2:ap-northeast-2:654654611665:elastic-ip/eipalloc-04c3794f4df590633",
            "associate_with_private_ip": null,
            "association_id": "eipassoc-09cdec7c7710424b8",
            "carrier_ip": "",
            "customer_owned_ip": "",
            "customer_owned_ipv4_pool": "",
            "domain": "vpc",
            "id": "eipalloc-04c3794f4df590633",
            "instance": "i-09d095a2cb04833cb",
            "ipam_pool_id": null,
            "network_border_group": "ap-northeast-2",
            "network_interface": "eni-0bb5c954cefb18d78",
            "private_dns": "ip-10-0-1-157.ap-northeast-2.compute.internal",
            "private_ip": "10.0.1.157",
            "ptr_record": "",
            "public_dns": "ec2-3-39-85-99.ap-northeast-2.compute.amazonaws.com",
            "public_ip": "3.39.85.99",
            "public_ipv4_pool": "amazon",
            "tags": null,
            "tags_all": {},
            "timeouts": null,
            "vpc": true
          },
          "sensitive_attributes": [],
          "private": "eyJlMmJmYjczMC1lY2FhLTExZTYtOGY4OC0zNDM2M2JjN2M0YzAiOnsiZGVsZXRlIjoxODAwMDAwMDAwMDAsInJlYWQiOjkwMDAwMDAwMDAwMCwidXBkYXRlIjozMDAwMDAwMDAwMDB9fQ==",
          "dependencies": [
            "aws_instance.my_instance",
            "aws_key_pair.my_key",
            "aws_security_group.ssh",
            "aws_subnet.public_subnet1",
            "aws_vpc.vpc",
            "tls_private_key.my_key"
          ]
        }
      ]
    },
    {
      "mode": "managed",
      "type": "aws_instance",
      "name": "my_instance",
      "provider": "provider[\"registry.terraform.io/hashicorp/aws\"]",
      "instances": [
        {
          "schema_version": 1,
          "attributes": {
            "ami": "ami-024ea438ab0376a47",
            "arn": "arn:aws:ec2:ap-northeast-2:654654611665:instance/i-09d095a2cb04833cb",
            "associate_public_ip_address": false,
            "availability_zone": "ap-northeast-2a",
            "capacity_reservation_specification": [
              {
                "capacity_reservation_preference": "open",
                "capacity_reservation_target": []
              }
            ],
            "cpu_core_count": 1,
            "cpu_options": [
              {
                "amd_sev_snp": "",
                "core_count": 1,
                "threads_per_core": 1
              }
            ],
            "cpu_threads_per_core": 1,
            "credit_specification": [
              {
                "cpu_credits": "standard"
              }
            ],
            "disable_api_stop": false,
            "disable_api_termination": false,
            "ebs_block_device": [],
            "ebs_optimized": false,
            "enable_primary_ipv6": null,
            "enclave_options": [
              {
                "enabled": false
              }
            ],
            "ephemeral_block_device": [],
            "get_password_data": false,
            "hibernation": false,
            "host_id": "",
            "host_resource_group_arn": null,
            "iam_instance_profile": "",
            "id": "i-09d095a2cb04833cb",
            "instance_initiated_shutdown_behavior": "stop",
            "instance_lifecycle": "",
            "instance_market_options": [],
            "instance_state": "running",
            "instance_type": "t2.micro",
            "ipv6_address_count": 0,
            "ipv6_addresses": [],
            "key_name": "my_key",
            "launch_template": [],
            "maintenance_options": [
              {
                "auto_recovery": "default"
              }
            ],
            "metadata_options": [
              {
                "http_endpoint": "enabled",
                "http_protocol_ipv6": "disabled",
                "http_put_response_hop_limit": 2,
                "http_tokens": "required",
                "instance_metadata_tags": "disabled"
              }
            ],
            "monitoring": false,
            "network_interface": [],
            "outpost_arn": "",
            "password_data": "",
            "placement_group": "",
            "placement_partition_number": 0,
            "primary_network_interface_id": "eni-0bb5c954cefb18d78",
            "private_dns": "ip-10-0-1-157.ap-northeast-2.compute.internal",
            "private_dns_name_options": [
              {
                "enable_resource_name_dns_a_record": false,
                "enable_resource_name_dns_aaaa_record": false,
                "hostname_type": "ip-name"
              }
            ],
            "private_ip": "10.0.1.157",
            "public_dns": "",
            "public_ip": "",
            "root_block_device": [
              {
                "delete_on_termination": true,
                "device_name": "/dev/sda1",
                "encrypted": false,
                "iops": 3000,
                "kms_key_id": "",
                "tags": {},
                "tags_all": {},
                "throughput": 125,
                "volume_id": "vol-0a58f6ea525908ecf",
                "volume_size": 8,
                "volume_type": "gp3"
              }
            ],
            "secondary_private_ips": [],
            "security_groups": [],
            "source_dest_check": true,
            "spot_instance_request_id": "",
            "subnet_id": "subnet-00d07bd3c893240fc",
            "tags": {
              "Name": "my-ec2-instance"
            },
            "tags_all": {
              "Name": "my-ec2-instance"
            },
            "tenancy": "default",
            "timeouts": null,
            "user_data": null,
            "user_data_base64": null,
            "user_data_replace_on_change": false,
            "volume_tags": null,
            "vpc_security_group_ids": [
              "sg-0b4cdedd8fc1c224c"
            ]
          },
          "sensitive_attributes": [],
          "private": "eyJlMmJmYjczMC1lY2FhLTExZTYtOGY4OC0zNDM2M2JjN2M0YzAiOnsiY3JlYXRlIjo2MDAwMDAwMDAwMDAsImRlbGV0ZSI6MTIwMDAwMDAwMDAwMCwicmVhZCI6OTAwMDAwMDAwMDAwLCJ1cGRhdGUiOjYwMDAwMDAwMDAwMH0sInNjaGVtYV92ZXJzaW9uIjoiMSJ9",
          "dependencies": [
            "aws_key_pair.my_key",
            "aws_security_group.ssh",
            "aws_subnet.public_subnet1",
            "aws_vpc.vpc",
            "tls_private_key.my_key"
          ]
        }
      ]
    },
    {
      "mode": "managed",
      "type": "aws_internet_gateway",
      "name": "igw",
      "provider": "provider[\"registry.terraform.io/hashicorp/aws\"]",
      "instances": [
        {
          "schema_version": 0,
          "attributes": {
            "arn": "arn:aws:ec2:ap-northeast-2:654654611665:internet-gateway/igw-0e30c4e3eb6fef600",
            "id": "igw-0e30c4e3eb6fef600",
            "owner_id": "654654611665",
            "tags": {
              "Name": "my-igw"
            },
            "tags_all": {
              "Name": "my-igw"
            },
            "timeouts": null,
            "vpc_id": "vpc-02d8cc72afe1a8b3a"
          },
          "sensitive_attributes": [],
          "private": "eyJlMmJmYjczMC1lY2FhLTExZTYtOGY4OC0zNDM2M2JjN2M0YzAiOnsiY3JlYXRlIjoxMjAwMDAwMDAwMDAwLCJkZWxldGUiOjEyMDAwMDAwMDAwMDAsInVwZGF0ZSI6MTIwMDAwMDAwMDAwMH19",
          "dependencies": [
            "aws_vpc.vpc"
          ]
        }
      ]
    },
    {
      "mode": "managed",
      "type": "aws_key_pair",
      "name": "my_key",
      "provider": "provider[\"registry.terraform.io/hashicorp/aws\"]",
      "instances": [
        {
          "schema_version": 1,
          "attributes": {
            "arn": "arn:aws:ec2:ap-northeast-2:654654611665:key-pair/my_key",
            "fingerprint": "62:5d:76:48:40:c7:bd:52:34:fd:69:fb:82:d0:5a:ef",
            "id": "my_key",
            "key_name": "my_key",
            "key_name_prefix": "",
            "key_pair_id": "key-01e53798bce5ddd18",
            "key_type": "rsa",
            "public_key": "ssh-rsa AAAAB3NzaC1yc2EAAAADAQABAAABAQDPPyEJMB8JAcaSPHxsdtrariK9D/K1WhL3NADucmfiO1vuSXItH80q6zIynl8fH63NkNX6M+67+XrueBqbkSkWWw08WWKH290KbGO2YRkleek1LvBEb/uJf/NUT7PnqvN5FC0ioVzz3GkpmBt8wP+WIbMxDPrX0y1Nl4PUPk09eXuw4484XVj2lv/M4Pc98DHpinb5hlEqQyAq/94ly0VA5JEQClN8U/MZzjIKCreeT/lEyg6NkZeEq1UXenXH5+UHvLwVQmJ9q9KLkRjyCDt/T0nECsb2LHUuz1zwtUYp+dMWLgdI0igFp0OkzgsT/Lm3bKWuE+yoSNvqENnMBZkD",
            "tags": {},
            "tags_all": {}
          },
          "sensitive_attributes": [],
          "private": "eyJzY2hlbWFfdmVyc2lvbiI6IjEifQ==",
          "dependencies": [
            "tls_private_key.my_key"
          ]
        }
      ]
    },
    {
      "mode": "managed",
      "type": "aws_route_table",
      "name": "rt",
      "provider": "provider[\"registry.terraform.io/hashicorp/aws\"]",
      "instances": [
        {
          "schema_version": 0,
          "attributes": {
            "arn": "arn:aws:ec2:ap-northeast-2:654654611665:route-table/rtb-091eb26a8f9cbdcfe",
            "id": "rtb-091eb26a8f9cbdcfe",
            "owner_id": "654654611665",
            "propagating_vgws": [],
            "route": [
              {
                "carrier_gateway_id": "",
                "cidr_block": "0.0.0.0/0",
                "core_network_arn": "",
                "destination_prefix_list_id": "",
                "egress_only_gateway_id": "",
                "gateway_id": "igw-0e30c4e3eb6fef600",
                "ipv6_cidr_block": "",
                "local_gateway_id": "",
                "nat_gateway_id": "",
                "network_interface_id": "",
                "transit_gateway_id": "",
                "vpc_endpoint_id": "",
                "vpc_peering_connection_id": ""
              }
            ],
            "tags": {
              "Name": "my-route-table"
            },
            "tags_all": {
              "Name": "my-route-table"
            },
            "timeouts": null,
            "vpc_id": "vpc-02d8cc72afe1a8b3a"
          },
          "sensitive_attributes": [],
          "private": "eyJlMmJmYjczMC1lY2FhLTExZTYtOGY4OC0zNDM2M2JjN2M0YzAiOnsiY3JlYXRlIjozMDAwMDAwMDAwMDAsImRlbGV0ZSI6MzAwMDAwMDAwMDAwLCJ1cGRhdGUiOjEyMDAwMDAwMDAwMH19",
          "dependencies": [
            "aws_internet_gateway.igw",
            "aws_vpc.vpc"
          ]
        }
      ]
    },
    {
      "mode": "managed",
      "type": "aws_route_table_association",
      "name": "public_subnet_association",
      "provider": "provider[\"registry.terraform.io/hashicorp/aws\"]",
      "instances": [
        {
          "schema_version": 0,
          "attributes": {
            "gateway_id": "",
            "id": "rtbassoc-0940064cfc1a11068",
            "route_table_id": "rtb-091eb26a8f9cbdcfe",
            "subnet_id": "subnet-00d07bd3c893240fc",
            "timeouts": null
          },
          "sensitive_attributes": [],
          "private": "eyJlMmJmYjczMC1lY2FhLTExZTYtOGY4OC0zNDM2M2JjN2M0YzAiOnsiY3JlYXRlIjozMDAwMDAwMDAwMDAsImRlbGV0ZSI6MzAwMDAwMDAwMDAwLCJ1cGRhdGUiOjEyMDAwMDAwMDAwMH19",
          "dependencies": [
            "aws_internet_gateway.igw",
            "aws_route_table.rt",
            "aws_subnet.public_subnet1",
            "aws_vpc.vpc"
          ]
        }
      ]
    },
    {
      "mode": "managed",
      "type": "aws_security_group",
      "name": "ssh",
      "provider": "provider[\"registry.terraform.io/hashicorp/aws\"]",
      "instances": [
        {
          "schema_version": 1,
          "attributes": {
            "arn": "arn:aws:ec2:ap-northeast-2:654654611665:security-group/sg-0b4cdedd8fc1c224c",
            "description": "Managed by Terraform",
            "egress": [
              {
                "cidr_blocks": [
                  "0.0.0.0/0"
                ],
                "description": "",
                "from_port": 0,
                "ipv6_cidr_blocks": [],
                "prefix_list_ids": [],
                "protocol": "-1",
                "security_groups": [],
                "self": false,
                "to_port": 0
              }
            ],
            "id": "sg-0b4cdedd8fc1c224c",
            "ingress": [
              {
                "cidr_blocks": [
                  "0.0.0.0/0"
                ],
                "description": "",
                "from_port": 22,
                "ipv6_cidr_blocks": [],
                "prefix_list_ids": [],
                "protocol": "tcp",
                "security_groups": [],
                "self": false,
                "to_port": 22
              }
            ],
            "name": "terraform-20250225051156613200000001",
            "name_prefix": "terraform-",
            "owner_id": "654654611665",
            "revoke_rules_on_delete": false,
            "tags": {
              "Name": "my-ssh-sg"
            },
            "tags_all": {
              "Name": "my-ssh-sg"
            },
            "timeouts": null,
            "vpc_id": "vpc-02d8cc72afe1a8b3a"
          },
          "sensitive_attributes": [],
          "private": "eyJlMmJmYjczMC1lY2FhLTExZTYtOGY4OC0zNDM2M2JjN2M0YzAiOnsiY3JlYXRlIjo2MDAwMDAwMDAwMDAsImRlbGV0ZSI6OTAwMDAwMDAwMDAwfSwic2NoZW1hX3ZlcnNpb24iOiIxIn0=",
          "dependencies": [
            "aws_vpc.vpc"
          ]
        }
      ]
    },
    {
      "mode": "managed",
      "type": "aws_subnet",
      "name": "public_subnet1",
      "provider": "provider[\"registry.terraform.io/hashicorp/aws\"]",
      "instances": [
        {
          "schema_version": 1,
          "attributes": {
            "arn": "arn:aws:ec2:ap-northeast-2:654654611665:subnet/subnet-00d07bd3c893240fc",
            "assign_ipv6_address_on_creation": false,
            "availability_zone": "ap-northeast-2a",
            "availability_zone_id": "apne2-az1",
            "cidr_block": "10.0.1.0/24",
            "customer_owned_ipv4_pool": "",
            "enable_dns64": false,
            "enable_lni_at_device_index": 0,
            "enable_resource_name_dns_a_record_on_launch": false,
            "enable_resource_name_dns_aaaa_record_on_launch": false,
            "id": "subnet-00d07bd3c893240fc",
            "ipv6_cidr_block": "",
            "ipv6_cidr_block_association_id": "",
            "ipv6_native": false,
            "map_customer_owned_ip_on_launch": false,
            "map_public_ip_on_launch": false,
            "outpost_arn": "",
            "owner_id": "654654611665",
            "private_dns_hostname_type_on_launch": "ip-name",
            "tags": {
              "Name": "my-public-subnet-1"
            },
            "tags_all": {
              "Name": "my-public-subnet-1"
            },
            "timeouts": null,
            "vpc_id": "vpc-02d8cc72afe1a8b3a"
          },
          "sensitive_attributes": [],
          "private": "eyJlMmJmYjczMC1lY2FhLTExZTYtOGY4OC0zNDM2M2JjN2M0YzAiOnsiY3JlYXRlIjo2MDAwMDAwMDAwMDAsImRlbGV0ZSI6MTIwMDAwMDAwMDAwMH0sInNjaGVtYV92ZXJzaW9uIjoiMSJ9",
          "dependencies": [
            "aws_vpc.vpc"
          ]
        }
      ]
    },
    {
      "mode": "managed",
      "type": "aws_vpc",
      "name": "vpc",
      "provider": "provider[\"registry.terraform.io/hashicorp/aws\"]",
      "instances": [
        {
          "schema_version": 1,
          "attributes": {
            "arn": "arn:aws:ec2:ap-northeast-2:654654611665:vpc/vpc-02d8cc72afe1a8b3a",
            "assign_generated_ipv6_cidr_block": false,
            "cidr_block": "10.0.0.0/16",
            "default_network_acl_id": "acl-010a8e604bee6f428",
            "default_route_table_id": "rtb-0c55e8cf1e6e6a2b3",
            "default_security_group_id": "sg-068dff5e5c825ece8",
            "dhcp_options_id": "dopt-0f1936d6d9b6ba383",
            "enable_dns_hostnames": false,
            "enable_dns_support": true,
            "enable_network_address_usage_metrics": false,
            "id": "vpc-02d8cc72afe1a8b3a",
            "instance_tenancy": "default",
            "ipv4_ipam_pool_id": null,
            "ipv4_netmask_length": null,
            "ipv6_association_id": "",
            "ipv6_cidr_block": "",
            "ipv6_cidr_block_network_border_group": "",
            "ipv6_ipam_pool_id": "",
            "ipv6_netmask_length": 0,
            "main_route_table_id": "rtb-0c55e8cf1e6e6a2b3",
            "owner_id": "654654611665",
            "tags": {
              "Name": "my-vpc"
            },
            "tags_all": {
              "Name": "my-vpc"
            }
          },
          "sensitive_attributes": [],
          "private": "eyJzY2hlbWFfdmVyc2lvbiI6IjEifQ=="
        }
      ]
    },
    {
      "mode": "managed",
      "type": "local_file",
      "name": "private_key",
      "provider": "provider[\"registry.terraform.io/hashicorp/local\"]",
      "instances": [
        {
          "schema_version": 0,
          "attributes": {
            "content": "-----BEGIN RSA PRIVATE KEY-----\nMIIEpQIBAAKCAQEAzz8hCTAfCQHGkjx8bHba2q4ivQ/ytVoS9zQA7nJn4jtb7kly\nLR/NKusyMp5fHx+tzZDV+jPuu/l67ngam5EpFlsNPFlih9vdCmxjtmEZJXnpNS7w\nRG/7iX/zVE+z56rzeRQtIqFc89xpKZgbfMD/liGzMQz619MtTZeD1D5NPXl7sOOP\nOF1Y9pb/zOD3PfAx6Yp2+YZRKkMgKv/eJctFQOSREApTfFPzGc4yCgq3nk/5RMoO\njZGXhKtVF3p1x+flB7y8FUJifavSi5EY8gg7f09JxArG9ix1Ls9c8LVGKfnTFi4H\nSNIoBadDpM4LE/y5t2ylrhPsqEjb6hDZzAWZAwIDAQABAoIBAQCuFj5e5HA9daNi\ntbJivhgq93mwzNO46LfjtWhO5AVFcU1QxZtGMl96fOTGxmfq0gaCFfbYXIVemztb\nU8IuCWq1H7jnh8IPk22C0veTfM7NvzFZfltPca2em78/hE//+4bXn04mt9tH8U7Z\nJK96RPitGRPX0Spo3zg/5FVVlRv21S/EM5YN20EzSNEdUmhjvYDcKjhNVzqIX8v0\naGeDa5rps7PTOz+T1ULvH4zR5Yoc/lNe1Xgrs/52sv2vzBSihfoJK9JxByY3Tnwp\n0L8nfFs+iK1rOd+UXy3VqP2FqEVumkG5XsVEFNhBe5vZTukjVqPucJqxulENAbXa\n+Uvqt4uxAoGBAPvA51NGZm9nxO6qPtxjZa/iqANGUC9zMPuQzvktsqGPvTRspFxw\nwsbRpI4L1sKWfVG+eeeWPXYYdWXsGVxJ9KhMGVgIeI8FLBp0LyeoidOnjKjtWjco\nkPRn6hh0UabhikQ0OGqzcMiXmI7fT1hNmbUWqClOh72cMjOEYdBOOejpAoGBANK+\nCkbUTcrZkq/iYhdT/xAvolsJiTHboSU6qNoprS4muja62V240lLmeRN+g+KkHEs2\nTnuV61+8vJWpqYBvoRVnvnm/pvd+cqxK1BscNkqDqUG/F9Ixgm/0AO+BKBbpKcoG\nq7PZbT0U7oQDn4bjuLO33NyahsWdmZ5KAAye9X8LAoGADXq9qArL70kaFUFOTlSQ\nHEPBhTNdlbzQMZgGTPcyak4c7lKm1kA/XY/aBLUDkbWnDhppwombztfuaT+j9/oJ\nvH0emkUR126KdvwjjjcK8ic1c9IJk4x7fmqV8StBN/M5iP9WyffDoSnkxDmWsP6u\nrTCCXnvS7scPNQzwg8u8dAkCgYEAwRhR8D49HT2oEzJ5sGhNT/Zla8bcB2v3RlZu\nOp9vR9dCTj18R0y+oij9DWihzTuTlTKoTMK8TRdxMCyp273sueE5/PInOaSJy+Yw\nXLrH4BStNEm0uOqWWqAXb1xHcF6p5KuiDgON/Sa9uQZc2Eq1hS5V12hbTpyuEgQ5\n8VaBGKsCgYEA5eRJnwymC2w5JDZKs0x+EmWp8xhtYIF8Z3ntlMag1QxGtfxS3cwy\nAGlIfHOTFHk5/Nm6zrdZPtFA5kfdbpGDQOmiVRkKA6LNbUinJ3BLLNCL6JSxy0Y3\n0Oni70r4r+FOkseNIWjZnu42RndxwZ2FPbV3gTjd+1o91CnteCPhGhw=\n-----END RSA PRIVATE KEY-----\n",
            "content_base64": null,
            "content_base64sha256": "xhmuuggTZgHZLYLsPiKsYsF2+I7ATcjFFqayM3OKjaU=",
            "content_base64sha512": "PzCd+oiwQciUeqPXKVyA/MLsrXsDv+Sx31D5QFaVru6cA1BcnpyAfIlnKip2GLw4bze5Bcw5Oe/41G0qQE9CjQ==",
            "content_md5": "abc24a31683f3c98a0bae1f1cf1e40ee",
            "content_sha1": "fe6f74beec242f7b8672986872f9197bdb2f9c05",
            "content_sha256": "c619aeba08136601d92d82ec3e22ac62c176f88ec04dc8c516a6b233738a8da5",
            "content_sha512": "3f309dfa88b041c8947aa3d7295c80fcc2ecad7b03bfe4b1df50f9405695aeee9c03505c9e9c807c89672a2a7618bc386f37b905cc3939eff8d46d2a404f428d",
            "directory_permission": "0777",
            "file_permission": "0777",
            "filename": "./my_key.pem",
            "id": "fe6f74beec242f7b8672986872f9197bdb2f9c05",
            "sensitive_content": null,
            "source": null
          },
          "sensitive_attributes": [
            [
              {
                "type": "get_attr",
                "value": "sensitive_content"
              }
            ],
            [
              {
                "type": "get_attr",
                "value": "content"
              }
            ]
          ],
          "dependencies": [
            "tls_private_key.my_key"
          ]
        }
      ]
    },
    {
      "mode": "managed",
      "type": "tls_private_key",
      "name": "my_key",
      "provider": "provider[\"registry.terraform.io/hashicorp/tls\"]",
      "instances": [
        {
          "schema_version": 1,
          "attributes": {
            "algorithm": "RSA",
            "ecdsa_curve": "P224",
            "id": "ebd9a69551d1ece8818f4470fb82db8ef7740728",
            "private_key_openssh": "-----BEGIN OPENSSH PRIVATE KEY-----\nb3BlbnNzaC1rZXktdjEAAAAABG5vbmUAAAAEbm9uZQAAAAAAAAABAAABFwAAAAdz\nc2gtcnNhAAAAAwEAAQAAAQEAzz8hCTAfCQHGkjx8bHba2q4ivQ/ytVoS9zQA7nJn\n4jtb7klyLR/NKusyMp5fHx+tzZDV+jPuu/l67ngam5EpFlsNPFlih9vdCmxjtmEZ\nJXnpNS7wRG/7iX/zVE+z56rzeRQtIqFc89xpKZgbfMD/liGzMQz619MtTZeD1D5N\nPXl7sOOPOF1Y9pb/zOD3PfAx6Yp2+YZRKkMgKv/eJctFQOSREApTfFPzGc4yCgq3\nnk/5RMoOjZGXhKtVF3p1x+flB7y8FUJifavSi5EY8gg7f09JxArG9ix1Ls9c8LVG\nKfnTFi4HSNIoBadDpM4LE/y5t2ylrhPsqEjb6hDZzAWZAwAAA7ivNFgRrzRYEQAA\nAAdzc2gtcnNhAAABAQDPPyEJMB8JAcaSPHxsdtrariK9D/K1WhL3NADucmfiO1vu\nSXItH80q6zIynl8fH63NkNX6M+67+XrueBqbkSkWWw08WWKH290KbGO2YRkleek1\nLvBEb/uJf/NUT7PnqvN5FC0ioVzz3GkpmBt8wP+WIbMxDPrX0y1Nl4PUPk09eXuw\n4484XVj2lv/M4Pc98DHpinb5hlEqQyAq/94ly0VA5JEQClN8U/MZzjIKCreeT/lE\nyg6NkZeEq1UXenXH5+UHvLwVQmJ9q9KLkRjyCDt/T0nECsb2LHUuz1zwtUYp+dMW\nLgdI0igFp0OkzgsT/Lm3bKWuE+yoSNvqENnMBZkDAAAAAwEAAQAAAQEArhY+XuRw\nPXWjYrWyYr4YKvd5sMzTuOi347VoTuQFRXFNUMWbRjJfenzkxsZn6tIGghX22FyF\nXps7W1PCLglqtR+454fCD5NtgtL3k3zOzb8xWX5bT3Gtnpu/P4RP//uG159OJrfb\nR/FO2SSvekT4rRkT19EqaN84P+RVVZUb9tUvxDOWDdtBM0jRHVJoY72A3Co4TVc6\niF/L9Ghng2ua6bOz0zs/k9VC7x+M0eWKHP5TXtV4K7P+drL9r8wUooX6CSvScQcm\nN058KdC/J3xbPoitaznflF8t1aj9hahFbppBuV7FRBTYQXub2U7pI1aj7nCasbpR\nDQG12vlL6reLsQAAAIEA5eRJnwymC2w5JDZKs0x+EmWp8xhtYIF8Z3ntlMag1QxG\ntfxS3cwyAGlIfHOTFHk5/Nm6zrdZPtFA5kfdbpGDQOmiVRkKA6LNbUinJ3BLLNCL\n6JSxy0Y30Oni70r4r+FOkseNIWjZnu42RndxwZ2FPbV3gTjd+1o91CnteCPhGhwA\nAACBAPvA51NGZm9nxO6qPtxjZa/iqANGUC9zMPuQzvktsqGPvTRspFxwwsbRpI4L\n1sKWfVG+eeeWPXYYdWXsGVxJ9KhMGVgIeI8FLBp0LyeoidOnjKjtWjcokPRn6hh0\nUabhikQ0OGqzcMiXmI7fT1hNmbUWqClOh72cMjOEYdBOOejpAAAAgQDSvgpG1E3K\n2ZKv4mIXU/8QL6JbCYkx26ElOqjaKa0uJro2utlduNJS5nkTfoPipBxLNk57letf\nvLyVqamAb6EVZ755v6b3fnKsStQbHDZKg6lBvxfSMYJv9ADvgSgW6SnKBquz2W09\nFO6EA5+G47izt9zcmobFnZmeSgAMnvV/CwAAAAAB\n-----END OPENSSH PRIVATE KEY-----\n",
            "private_key_pem": "-----BEGIN RSA PRIVATE KEY-----\nMIIEpQIBAAKCAQEAzz8hCTAfCQHGkjx8bHba2q4ivQ/ytVoS9zQA7nJn4jtb7kly\nLR/NKusyMp5fHx+tzZDV+jPuu/l67ngam5EpFlsNPFlih9vdCmxjtmEZJXnpNS7w\nRG/7iX/zVE+z56rzeRQtIqFc89xpKZgbfMD/liGzMQz619MtTZeD1D5NPXl7sOOP\nOF1Y9pb/zOD3PfAx6Yp2+YZRKkMgKv/eJctFQOSREApTfFPzGc4yCgq3nk/5RMoO\njZGXhKtVF3p1x+flB7y8FUJifavSi5EY8gg7f09JxArG9ix1Ls9c8LVGKfnTFi4H\nSNIoBadDpM4LE/y5t2ylrhPsqEjb6hDZzAWZAwIDAQABAoIBAQCuFj5e5HA9daNi\ntbJivhgq93mwzNO46LfjtWhO5AVFcU1QxZtGMl96fOTGxmfq0gaCFfbYXIVemztb\nU8IuCWq1H7jnh8IPk22C0veTfM7NvzFZfltPca2em78/hE//+4bXn04mt9tH8U7Z\nJK96RPitGRPX0Spo3zg/5FVVlRv21S/EM5YN20EzSNEdUmhjvYDcKjhNVzqIX8v0\naGeDa5rps7PTOz+T1ULvH4zR5Yoc/lNe1Xgrs/52sv2vzBSihfoJK9JxByY3Tnwp\n0L8nfFs+iK1rOd+UXy3VqP2FqEVumkG5XsVEFNhBe5vZTukjVqPucJqxulENAbXa\n+Uvqt4uxAoGBAPvA51NGZm9nxO6qPtxjZa/iqANGUC9zMPuQzvktsqGPvTRspFxw\nwsbRpI4L1sKWfVG+eeeWPXYYdWXsGVxJ9KhMGVgIeI8FLBp0LyeoidOnjKjtWjco\nkPRn6hh0UabhikQ0OGqzcMiXmI7fT1hNmbUWqClOh72cMjOEYdBOOejpAoGBANK+\nCkbUTcrZkq/iYhdT/xAvolsJiTHboSU6qNoprS4muja62V240lLmeRN+g+KkHEs2\nTnuV61+8vJWpqYBvoRVnvnm/pvd+cqxK1BscNkqDqUG/F9Ixgm/0AO+BKBbpKcoG\nq7PZbT0U7oQDn4bjuLO33NyahsWdmZ5KAAye9X8LAoGADXq9qArL70kaFUFOTlSQ\nHEPBhTNdlbzQMZgGTPcyak4c7lKm1kA/XY/aBLUDkbWnDhppwombztfuaT+j9/oJ\nvH0emkUR126KdvwjjjcK8ic1c9IJk4x7fmqV8StBN/M5iP9WyffDoSnkxDmWsP6u\nrTCCXnvS7scPNQzwg8u8dAkCgYEAwRhR8D49HT2oEzJ5sGhNT/Zla8bcB2v3RlZu\nOp9vR9dCTj18R0y+oij9DWihzTuTlTKoTMK8TRdxMCyp273sueE5/PInOaSJy+Yw\nXLrH4BStNEm0uOqWWqAXb1xHcF6p5KuiDgON/Sa9uQZc2Eq1hS5V12hbTpyuEgQ5\n8VaBGKsCgYEA5eRJnwymC2w5JDZKs0x+EmWp8xhtYIF8Z3ntlMag1QxGtfxS3cwy\nAGlIfHOTFHk5/Nm6zrdZPtFA5kfdbpGDQOmiVRkKA6LNbUinJ3BLLNCL6JSxy0Y3\n0Oni70r4r+FOkseNIWjZnu42RndxwZ2FPbV3gTjd+1o91CnteCPhGhw=\n-----END RSA PRIVATE KEY-----\n",
            "private_key_pem_pkcs8": "-----BEGIN PRIVATE KEY-----\nMIIEvwIBADANBgkqhkiG9w0BAQEFAASCBKkwggSlAgEAAoIBAQDPPyEJMB8JAcaS\nPHxsdtrariK9D/K1WhL3NADucmfiO1vuSXItH80q6zIynl8fH63NkNX6M+67+Xru\neBqbkSkWWw08WWKH290KbGO2YRkleek1LvBEb/uJf/NUT7PnqvN5FC0ioVzz3Gkp\nmBt8wP+WIbMxDPrX0y1Nl4PUPk09eXuw4484XVj2lv/M4Pc98DHpinb5hlEqQyAq\n/94ly0VA5JEQClN8U/MZzjIKCreeT/lEyg6NkZeEq1UXenXH5+UHvLwVQmJ9q9KL\nkRjyCDt/T0nECsb2LHUuz1zwtUYp+dMWLgdI0igFp0OkzgsT/Lm3bKWuE+yoSNvq\nENnMBZkDAgMBAAECggEBAK4WPl7kcD11o2K1smK+GCr3ebDM07jot+O1aE7kBUVx\nTVDFm0YyX3p85MbGZ+rSBoIV9thchV6bO1tTwi4JarUfuOeHwg+TbYLS95N8zs2/\nMVl+W09xrZ6bvz+ET//7htefTia320fxTtkkr3pE+K0ZE9fRKmjfOD/kVVWVG/bV\nL8Qzlg3bQTNI0R1SaGO9gNwqOE1XOohfy/RoZ4Nrmumzs9M7P5PVQu8fjNHlihz+\nU17VeCuz/nay/a/MFKKF+gkr0nEHJjdOfCnQvyd8Wz6IrWs535RfLdWo/YWoRW6a\nQblexUQU2EF7m9lO6SNWo+5wmrG6UQ0Btdr5S+q3i7ECgYEA+8DnU0Zmb2fE7qo+\n3GNlr+KoA0ZQL3Mw+5DO+S2yoY+9NGykXHDCxtGkjgvWwpZ9Ub5555Y9dhh1ZewZ\nXEn0qEwZWAh4jwUsGnQvJ6iJ06eMqO1aNyiQ9GfqGHRRpuGKRDQ4arNwyJeYjt9P\nWE2ZtRaoKU6HvZwyM4Rh0E456OkCgYEA0r4KRtRNytmSr+JiF1P/EC+iWwmJMduh\nJTqo2imtLia6NrrZXbjSUuZ5E36D4qQcSzZOe5XrX7y8lampgG+hFWe+eb+m935y\nrErUGxw2SoOpQb8X0jGCb/QA74EoFukpygars9ltPRTuhAOfhuO4s7fc3JqGxZ2Z\nnkoADJ71fwsCgYANer2oCsvvSRoVQU5OVJAcQ8GFM12VvNAxmAZM9zJqThzuUqbW\nQD9dj9oEtQORtacOGmnCiZvO1+5pP6P3+gm8fR6aRRHXbop2/COONwryJzVz0gmT\njHt+apXxK0E38zmI/1bJ98OhKeTEOZaw/q6tMIJee9Luxw81DPCDy7x0CQKBgQDB\nGFHwPj0dPagTMnmwaE1P9mVrxtwHa/dGVm46n29H10JOPXxHTL6iKP0NaKHNO5OV\nMqhMwrxNF3EwLKnbvey54Tn88ic5pInL5jBcusfgFK00SbS46pZaoBdvXEdwXqnk\nq6IOA439Jr25BlzYSrWFLlXXaFtOnK4SBDnxVoEYqwKBgQDl5EmfDKYLbDkkNkqz\nTH4SZanzGG1ggXxnee2UxqDVDEa1/FLdzDIAaUh8c5MUeTn82brOt1k+0UDmR91u\nkYNA6aJVGQoDos1tSKcncEss0IvolLHLRjfQ6eLvSviv4U6Sx40haNme7jZGd3HB\nnYU9tXeBON37Wj3UKe14I+EaHA==\n-----END PRIVATE KEY-----\n",
            "public_key_fingerprint_md5": "c4:ad:0b:8f:10:07:e8:74:a9:81:e1:ec:2d:46:d7:59",
            "public_key_fingerprint_sha256": "SHA256:fu8G8mJrUyE1UZ1sxkjh/0ZCGaf68BGBs9oKSPadLQ4",
            "public_key_openssh": "ssh-rsa AAAAB3NzaC1yc2EAAAADAQABAAABAQDPPyEJMB8JAcaSPHxsdtrariK9D/K1WhL3NADucmfiO1vuSXItH80q6zIynl8fH63NkNX6M+67+XrueBqbkSkWWw08WWKH290KbGO2YRkleek1LvBEb/uJf/NUT7PnqvN5FC0ioVzz3GkpmBt8wP+WIbMxDPrX0y1Nl4PUPk09eXuw4484XVj2lv/M4Pc98DHpinb5hlEqQyAq/94ly0VA5JEQClN8U/MZzjIKCreeT/lEyg6NkZeEq1UXenXH5+UHvLwVQmJ9q9KLkRjyCDt/T0nECsb2LHUuz1zwtUYp+dMWLgdI0igFp0OkzgsT/Lm3bKWuE+yoSNvqENnMBZkD\n",
            "public_key_pem": "-----BEGIN PUBLIC KEY-----\nMIIBIjANBgkqhkiG9w0BAQEFAAOCAQ8AMIIBCgKCAQEAzz8hCTAfCQHGkjx8bHba\n2q4ivQ/ytVoS9zQA7nJn4jtb7klyLR/NKusyMp5fHx+tzZDV+jPuu/l67ngam5Ep\nFlsNPFlih9vdCmxjtmEZJXnpNS7wRG/7iX/zVE+z56rzeRQtIqFc89xpKZgbfMD/\nliGzMQz619MtTZeD1D5NPXl7sOOPOF1Y9pb/zOD3PfAx6Yp2+YZRKkMgKv/eJctF\nQOSREApTfFPzGc4yCgq3nk/5RMoOjZGXhKtVF3p1x+flB7y8FUJifavSi5EY8gg7\nf09JxArG9ix1Ls9c8LVGKfnTFi4HSNIoBadDpM4LE/y5t2ylrhPsqEjb6hDZzAWZ\nAwIDAQAB\n-----END PUBLIC KEY-----\n",
            "rsa_bits": 2048
          },
          "sensitive_attributes": [
            [
              {
                "type": "get_attr",
                "value": "private_key_openssh"
              }
            ],
            [
              {
                "type": "get_attr",
                "value": "private_key_pem"
              }
            ],
            [
              {
                "type": "get_attr",
                "value": "private_key_pem_pkcs8"
              }
            ]
          ]
        }
      ]
    }
  ],
  "check_results": null
}
